// !$*UTF8*$!
{
	archiveVersion = 1;
	classes = {
	};
	objectVersion = 56;
	objects = {

/* Begin PBXBuildFile section */
		5A06B23C2B31D33F006D1807 /* zzApp.swift in Sources */ = {isa = PBXBuildFile; fileRef = 5A06B23B2B31D33F006D1807 /* zzApp.swift */; };
		5A06B23E2B31D33F006D1807 /* ContentView.swift in Sources */ = {isa = PBXBuildFile; fileRef = 5A06B23D2B31D33F006D1807 /* ContentView.swift */; };
		5A06B2402B31D340006D1807 /* Assets.xcassets in Resources */ = {isa = PBXBuildFile; fileRef = 5A06B23F2B31D340006D1807 /* Assets.xcassets */; };
		5A06B2432B31D340006D1807 /* Preview Assets.xcassets in Resources */ = {isa = PBXBuildFile; fileRef = 5A06B2422B31D340006D1807 /* Preview Assets.xcassets */; };
		5A06B24D2B31D340006D1807 /* zzTests.swift in Sources */ = {isa = PBXBuildFile; fileRef = 5A06B24C2B31D340006D1807 /* zzTests.swift */; };
		5A06B2572B31D340006D1807 /* zzUITests.swift in Sources */ = {isa = PBXBuildFile; fileRef = 5A06B2562B31D340006D1807 /* zzUITests.swift */; };
		5A06B2592B31D340006D1807 /* zzUITestsLaunchTests.swift in Sources */ = {isa = PBXBuildFile; fileRef = 5A06B2582B31D340006D1807 /* zzUITestsLaunchTests.swift */; };
/* End PBXBuildFile section */

/* Begin PBXContainerItemProxy section */
		5A06B2492B31D340006D1807 /* PBXContainerItemProxy */ = {
			isa = PBXContainerItemProxy;
			containerPortal = 5A06B2302B31D33F006D1807 /* Project object */;
			proxyType = 1;
			remoteGlobalIDString = 5A06B2372B31D33F006D1807;
			remoteInfo = zz;
		};
		5A06B2532B31D340006D1807 /* PBXContainerItemProxy */ = {
			isa = PBXContainerItemProxy;
			containerPortal = 5A06B2302B31D33F006D1807 /* Project object */;
			proxyType = 1;
			remoteGlobalIDString = 5A06B2372B31D33F006D1807;
			remoteInfo = zz;
		};
/* End PBXContainerItemProxy section */

/* Begin PBXFileReference section */
		5A06B2382B31D33F006D1807 /* zz.app */ = {isa = PBXFileReference; explicitFileType = wrapper.application; includeInIndex = 0; path = zz.app; sourceTree = BUILT_PRODUCTS_DIR; };
		5A06B23B2B31D33F006D1807 /* zzApp.swift */ = {isa = PBXFileReference; lastKnownFileType = sourcecode.swift; path = zzApp.swift; sourceTree = "<group>"; };
		5A06B23D2B31D33F006D1807 /* ContentView.swift */ = {isa = PBXFileReference; lastKnownFileType = sourcecode.swift; path = ContentView.swift; sourceTree = "<group>"; };
		5A06B23F2B31D340006D1807 /* Assets.xcassets */ = {isa = PBXFileReference; lastKnownFileType = folder.assetcatalog; path = Assets.xcassets; sourceTree = "<group>"; };
		5A06B2422B31D340006D1807 /* Preview Assets.xcassets */ = {isa = PBXFileReference; lastKnownFileType = folder.assetcatalog; path = "Preview Assets.xcassets"; sourceTree = "<group>"; };
		5A06B2482B31D340006D1807 /* zzTests.xctest */ = {isa = PBXFileReference; explicitFileType = wrapper.cfbundle; includeInIndex = 0; path = zzTests.xctest; sourceTree = BUILT_PRODUCTS_DIR; };
		5A06B24C2B31D340006D1807 /* zzTests.swift */ = {isa = PBXFileReference; lastKnownFileType = sourcecode.swift; path = zzTests.swift; sourceTree = "<group>"; };
		5A06B2522B31D340006D1807 /* zzUITests.xctest */ = {isa = PBXFileReference; explicitFileType = wrapper.cfbundle; includeInIndex = 0; path = zzUITests.xctest; sourceTree = BUILT_PRODUCTS_DIR; };
		5A06B2562B31D340006D1807 /* zzUITests.swift */ = {isa = PBXFileReference; lastKnownFileType = sourcecode.swift; path = zzUITests.swift; sourceTree = "<group>"; };
		5A06B2582B31D340006D1807 /* zzUITestsLaunchTests.swift */ = {isa = PBXFileReference; lastKnownFileType = sourcecode.swift; path = zzUITestsLaunchTests.swift; sourceTree = "<group>"; };
/* End PBXFileReference section */

/* Begin PBXFrameworksBuildPhase section */
		5A06B2352B31D33F006D1807 /* Frameworks */ = {
			isa = PBXFrameworksBuildPhase;
			buildActionMask = 2147483647;
			files = (
			);
			runOnlyForDeploymentPostprocessing = 0;
		};
		5A06B2452B31D340006D1807 /* Frameworks */ = {
			isa = PBXFrameworksBuildPhase;
			buildActionMask = 2147483647;
			files = (
			);
			runOnlyForDeploymentPostprocessing = 0;
		};
		5A06B24F2B31D340006D1807 /* Frameworks */ = {
			isa = PBXFrameworksBuildPhase;
			buildActionMask = 2147483647;
			files = (
			);
			runOnlyForDeploymentPostprocessing = 0;
		};
/* End PBXFrameworksBuildPhase section */

/* Begin PBXGroup section */
		5A06B22F2B31D33F006D1807 = {
			isa = PBXGroup;
			children = (
				5A06B23A2B31D33F006D1807 /* zz */,
				5A06B24B2B31D340006D1807 /* zzTests */,
				5A06B2552B31D340006D1807 /* zzUITests */,
				5A06B2392B31D33F006D1807 /* Products */,
			);
			sourceTree = "<group>";
		};
		5A06B2392B31D33F006D1807 /* Products */ = {
			isa = PBXGroup;
			children = (
				5A06B2382B31D33F006D1807 /* zz.app */,
				5A06B2482B31D340006D1807 /* zzTests.xctest */,
				5A06B2522B31D340006D1807 /* zzUITests.xctest */,
			);
			name = Products;
			sourceTree = "<group>";
		};
		5A06B23A2B31D33F006D1807 /* zz */ = {
			isa = PBXGroup;
			children = (
				5A06B23B2B31D33F006D1807 /* zzApp.swift */,
				5A06B23D2B31D33F006D1807 /* ContentView.swift */,
				5A06B23F2B31D340006D1807 /* Assets.xcassets */,
				5A06B2412B31D340006D1807 /* Preview Content */,
			);
			path = zz;
			sourceTree = "<group>";
		};
		5A06B2412B31D340006D1807 /* Preview Content */ = {
			isa = PBXGroup;
			children = (
				5A06B2422B31D340006D1807 /* Preview Assets.xcassets */,
			);
			path = "Preview Content";
			sourceTree = "<group>";
		};
		5A06B24B2B31D340006D1807 /* zzTests */ = {
			isa = PBXGroup;
			children = (
				5A06B24C2B31D340006D1807 /* zzTests.swift */,
			);
			path = zzTests;
			sourceTree = "<group>";
		};
		5A06B2552B31D340006D1807 /* zzUITests */ = {
			isa = PBXGroup;
			children = (
				5A06B2562B31D340006D1807 /* zzUITests.swift */,
				5A06B2582B31D340006D1807 /* zzUITestsLaunchTests.swift */,
			);
			path = zzUITests;
			sourceTree = "<group>";
		};
/* End PBXGroup section */

/* Begin PBXNativeTarget section */
		5A06B2372B31D33F006D1807 /* zz */ = {
			isa = PBXNativeTarget;
			buildConfigurationList = 5A06B25C2B31D340006D1807 /* Build configuration list for PBXNativeTarget "zz" */;
			buildPhases = (
				5A06B2342B31D33F006D1807 /* Sources */,
				5A06B2352B31D33F006D1807 /* Frameworks */,
				5A06B2362B31D33F006D1807 /* Resources */,
			);
			buildRules = (
			);
			dependencies = (
			);
			name = zz;
			productName = zz;
			productReference = 5A06B2382B31D33F006D1807 /* zz.app */;
			productType = "com.apple.product-type.application";
		};
		5A06B2472B31D340006D1807 /* zzTests */ = {
			isa = PBXNativeTarget;
			buildConfigurationList = 5A06B25F2B31D340006D1807 /* Build configuration list for PBXNativeTarget "zzTests" */;
			buildPhases = (
				5A06B2442B31D340006D1807 /* Sources */,
				5A06B2452B31D340006D1807 /* Frameworks */,
				5A06B2462B31D340006D1807 /* Resources */,
			);
			buildRules = (
			);
			dependencies = (
				5A06B24A2B31D340006D1807 /* PBXTargetDependency */,
			);
			name = zzTests;
			productName = zzTests;
			productReference = 5A06B2482B31D340006D1807 /* zzTests.xctest */;
			productType = "com.apple.product-type.bundle.unit-test";
		};
		5A06B2512B31D340006D1807 /* zzUITests */ = {
			isa = PBXNativeTarget;
			buildConfigurationList = 5A06B2622B31D340006D1807 /* Build configuration list for PBXNativeTarget "zzUITests" */;
			buildPhases = (
				5A06B24E2B31D340006D1807 /* Sources */,
				5A06B24F2B31D340006D1807 /* Frameworks */,
				5A06B2502B31D340006D1807 /* Resources */,
			);
			buildRules = (
			);
			dependencies = (
				5A06B2542B31D340006D1807 /* PBXTargetDependency */,
			);
			name = zzUITests;
			productName = zzUITests;
			productReference = 5A06B2522B31D340006D1807 /* zzUITests.xctest */;
			productType = "com.apple.product-type.bundle.ui-testing";
		};
/* End PBXNativeTarget section */

/* Begin PBXProject section */
		5A06B2302B31D33F006D1807 /* Project object */ = {
			isa = PBXProject;
			attributes = {
				BuildIndependentTargetsInParallel = 1;
				LastSwiftUpdateCheck = 1500;
				LastUpgradeCheck = 1500;
				TargetAttributes = {
					5A06B2372B31D33F006D1807 = {
						CreatedOnToolsVersion = 15.0;
					};
					5A06B2472B31D340006D1807 = {
						CreatedOnToolsVersion = 15.0;
						TestTargetID = 5A06B2372B31D33F006D1807;
					};
					5A06B2512B31D340006D1807 = {
						CreatedOnToolsVersion = 15.0;
						TestTargetID = 5A06B2372B31D33F006D1807;
					};
				};
			};
			buildConfigurationList = 5A06B2332B31D33F006D1807 /* Build configuration list for PBXProject "zz" */;
			compatibilityVersion = "Xcode 14.0";
			developmentRegion = en;
			hasScannedForEncodings = 0;
			knownRegions = (
				en,
				Base,
			);
			mainGroup = 5A06B22F2B31D33F006D1807;
			productRefGroup = 5A06B2392B31D33F006D1807 /* Products */;
			projectDirPath = "";
			projectRoot = "";
			targets = (
				5A06B2372B31D33F006D1807 /* zz */,
				5A06B2472B31D340006D1807 /* zzTests */,
				5A06B2512B31D340006D1807 /* zzUITests */,
			);
		};
/* End PBXProject section */

/* Begin PBXResourcesBuildPhase section */
		5A06B2362B31D33F006D1807 /* Resources */ = {
			isa = PBXResourcesBuildPhase;
			buildActionMask = 2147483647;
			files = (
				5A06B2432B31D340006D1807 /* Preview Assets.xcassets in Resources */,
				5A06B2402B31D340006D1807 /* Assets.xcassets in Resources */,
			);
			runOnlyForDeploymentPostprocessing = 0;
		};
		5A06B2462B31D340006D1807 /* Resources */ = {
			isa = PBXResourcesBuildPhase;
			buildActionMask = 2147483647;
			files = (
			);
			runOnlyForDeploymentPostprocessing = 0;
		};
		5A06B2502B31D340006D1807 /* Resources */ = {
			isa = PBXResourcesBuildPhase;
			buildActionMask = 2147483647;
			files = (
			);
			runOnlyForDeploymentPostprocessing = 0;
		};
/* End PBXResourcesBuildPhase section */

/* Begin PBXSourcesBuildPhase section */
		5A06B2342B31D33F006D1807 /* Sources */ = {
			isa = PBXSourcesBuildPhase;
			buildActionMask = 2147483647;
			files = (
				5A06B23E2B31D33F006D1807 /* ContentView.swift in Sources */,
				5A06B23C2B31D33F006D1807 /* zzApp.swift in Sources */,
			);
			runOnlyForDeploymentPostprocessing = 0;
		};
		5A06B2442B31D340006D1807 /* Sources */ = {
			isa = PBXSourcesBuildPhase;
			buildActionMask = 2147483647;
			files = (
				5A06B24D2B31D340006D1807 /* zzTests.swift in Sources */,
			);
			runOnlyForDeploymentPostprocessing = 0;
		};
		5A06B24E2B31D340006D1807 /* Sources */ = {
			isa = PBXSourcesBuildPhase;
			buildActionMask = 2147483647;
			files = (
				5A06B2592B31D340006D1807 /* zzUITestsLaunchTests.swift in Sources */,
				5A06B2572B31D340006D1807 /* zzUITests.swift in Sources */,
			);
			runOnlyForDeploymentPostprocessing = 0;
		};
/* End PBXSourcesBuildPhase section */

/* Begin PBXTargetDependency section */
		5A06B24A2B31D340006D1807 /* PBXTargetDependency */ = {
			isa = PBXTargetDependency;
			target = 5A06B2372B31D33F006D1807 /* zz */;
			targetProxy = 5A06B2492B31D340006D1807 /* PBXContainerItemProxy */;
		};
		5A06B2542B31D340006D1807 /* PBXTargetDependency */ = {
			isa = PBXTargetDependency;
			target = 5A06B2372B31D33F006D1807 /* zz */;
			targetProxy = 5A06B2532B31D340006D1807 /* PBXContainerItemProxy */;
		};
/* End PBXTargetDependency section */

/* Begin XCBuildConfiguration section */
		5A06B25A2B31D340006D1807 /* Debug */ = {
			isa = XCBuildConfiguration;
			buildSettings = {
				ALWAYS_SEARCH_USER_PATHS = NO;
				ASSETCATALOG_COMPILER_GENERATE_SWIFT_ASSET_SYMBOL_EXTENSIONS = YES;
				CLANG_ANALYZER_NONNULL = YES;
				CLANG_ANALYZER_NUMBER_OBJECT_CONVERSION = YES_AGGRESSIVE;
				CLANG_CXX_LANGUAGE_STANDARD = "gnu++20";
				CLANG_ENABLE_MODULES = YES;
				CLANG_ENABLE_OBJC_ARC = YES;
				CLANG_ENABLE_OBJC_WEAK = YES;
				CLANG_WARN_BLOCK_CAPTURE_AUTORELEASING = YES;
				CLANG_WARN_BOOL_CONVERSION = YES;
				CLANG_WARN_COMMA = YES;
				CLANG_WARN_CONSTANT_CONVERSION = YES;
				CLANG_WARN_DEPRECATED_OBJC_IMPLEMENTATIONS = YES;
				CLANG_WARN_DIRECT_OBJC_ISA_USAGE = YES_ERROR;
				CLANG_WARN_DOCUMENTATION_COMMENTS = YES;
				CLANG_WARN_EMPTY_BODY = YES;
				CLANG_WARN_ENUM_CONVERSION = YES;
				CLANG_WARN_INFINITE_RECURSION = YES;
				CLANG_WARN_INT_CONVERSION = YES;
				CLANG_WARN_NON_LITERAL_NULL_CONVERSION = YES;
				CLANG_WARN_OBJC_IMPLICIT_RETAIN_SELF = YES;
				CLANG_WARN_OBJC_LITERAL_CONVERSION = YES;
				CLANG_WARN_OBJC_ROOT_CLASS = YES_ERROR;
				CLANG_WARN_QUOTED_INCLUDE_IN_FRAMEWORK_HEADER = YES;
				CLANG_WARN_RANGE_LOOP_ANALYSIS = YES;
				CLANG_WARN_STRICT_PROTOTYPES = YES;
				CLANG_WARN_SUSPICIOUS_MOVE = YES;
				CLANG_WARN_UNGUARDED_AVAILABILITY = YES_AGGRESSIVE;
				CLANG_WARN_UNREACHABLE_CODE = YES;
				CLANG_WARN__DUPLICATE_METHOD_MATCH = YES;
				COPY_PHASE_STRIP = NO;
				DEBUG_INFORMATION_FORMAT = dwarf;
				ENABLE_STRICT_OBJC_MSGSEND = YES;
				ENABLE_TESTABILITY = YES;
				ENABLE_USER_SCRIPT_SANDBOXING = YES;
				GCC_C_LANGUAGE_STANDARD = gnu17;
				GCC_DYNAMIC_NO_PIC = NO;
				GCC_NO_COMMON_BLOCKS = YES;
				GCC_OPTIMIZATION_LEVEL = 0;
				GCC_PREPROCESSOR_DEFINITIONS = (
					"DEBUG=1",
					"$(inherited)",
				);
				GCC_WARN_64_TO_32_BIT_CONVERSION = YES;
				GCC_WARN_ABOUT_RETURN_TYPE = YES_ERROR;
				GCC_WARN_UNDECLARED_SELECTOR = YES;
				GCC_WARN_UNINITIALIZED_AUTOS = YES_AGGRESSIVE;
				GCC_WARN_UNUSED_FUNCTION = YES;
				GCC_WARN_UNUSED_VARIABLE = YES;
				IPHONEOS_DEPLOYMENT_TARGET = 17.0;
				LOCALIZATION_PREFERS_STRING_CATALOGS = YES;
				MTL_ENABLE_DEBUG_INFO = INCLUDE_SOURCE;
				MTL_FAST_MATH = YES;
				ONLY_ACTIVE_ARCH = YES;
				SDKROOT = iphoneos;
				SWIFT_ACTIVE_COMPILATION_CONDITIONS = "DEBUG $(inherited)";
				SWIFT_OPTIMIZATION_LEVEL = "-Onone";
			};
			name = Debug;
		};
		5A06B25B2B31D340006D1807 /* Release */ = {
			isa = XCBuildConfiguration;
			buildSettings = {
				ALWAYS_SEARCH_USER_PATHS = NO;
				ASSETCATALOG_COMPILER_GENERATE_SWIFT_ASSET_SYMBOL_EXTENSIONS = YES;
				CLANG_ANALYZER_NONNULL = YES;
				CLANG_ANALYZER_NUMBER_OBJECT_CONVERSION = YES_AGGRESSIVE;
				CLANG_CXX_LANGUAGE_STANDARD = "gnu++20";
				CLANG_ENABLE_MODULES = YES;
				CLANG_ENABLE_OBJC_ARC = YES;
				CLANG_ENABLE_OBJC_WEAK = YES;
				CLANG_WARN_BLOCK_CAPTURE_AUTORELEASING = YES;
				CLANG_WARN_BOOL_CONVERSION = YES;
				CLANG_WARN_COMMA = YES;
				CLANG_WARN_CONSTANT_CONVERSION = YES;
				CLANG_WARN_DEPRECATED_OBJC_IMPLEMENTATIONS = YES;
				CLANG_WARN_DIRECT_OBJC_ISA_USAGE = YES_ERROR;
				CLANG_WARN_DOCUMENTATION_COMMENTS = YES;
				CLANG_WARN_EMPTY_BODY = YES;
				CLANG_WARN_ENUM_CONVERSION = YES;
				CLANG_WARN_INFINITE_RECURSION = YES;
				CLANG_WARN_INT_CONVERSION = YES;
				CLANG_WARN_NON_LITERAL_NULL_CONVERSION = YES;
				CLANG_WARN_OBJC_IMPLICIT_RETAIN_SELF = YES;
				CLANG_WARN_OBJC_LITERAL_CONVERSION = YES;
				CLANG_WARN_OBJC_ROOT_CLASS = YES_ERROR;
				CLANG_WARN_QUOTED_INCLUDE_IN_FRAMEWORK_HEADER = YES;
				CLANG_WARN_RANGE_LOOP_ANALYSIS = YES;
				CLANG_WARN_STRICT_PROTOTYPES = YES;
				CLANG_WARN_SUSPICIOUS_MOVE = YES;
				CLANG_WARN_UNGUARDED_AVAILABILITY = YES_AGGRESSIVE;
				CLANG_WARN_UNREACHABLE_CODE = YES;
				CLANG_WARN__DUPLICATE_METHOD_MATCH = YES;
				COPY_PHASE_STRIP = NO;
				DEBUG_INFORMATION_FORMAT = "dwarf-with-dsym";
				ENABLE_NS_ASSERTIONS = NO;
				ENABLE_STRICT_OBJC_MSGSEND = YES;
				ENABLE_USER_SCRIPT_SANDBOXING = YES;
				GCC_C_LANGUAGE_STANDARD = gnu17;
				GCC_NO_COMMON_BLOCKS = YES;
				GCC_WARN_64_TO_32_BIT_CONVERSION = YES;
				GCC_WARN_ABOUT_RETURN_TYPE = YES_ERROR;
				GCC_WARN_UNDECLARED_SELECTOR = YES;
				GCC_WARN_UNINITIALIZED_AUTOS = YES_AGGRESSIVE;
				GCC_WARN_UNUSED_FUNCTION = YES;
				GCC_WARN_UNUSED_VARIABLE = YES;
				IPHONEOS_DEPLOYMENT_TARGET = 17.0;
				LOCALIZATION_PREFERS_STRING_CATALOGS = YES;
				MTL_ENABLE_DEBUG_INFO = NO;
				MTL_FAST_MATH = YES;
				SDKROOT = iphoneos;
				SWIFT_COMPILATION_MODE = wholemodule;
				VALIDATE_PRODUCT = YES;
			};
			name = Release;
		};
		5A06B25D2B31D340006D1807 /* Debug */ = {
			isa = XCBuildConfiguration;
			buildSettings = {
				ASSETCATALOG_COMPILER_APPICON_NAME = AppIcon;
				ASSETCATALOG_COMPILER_GLOBAL_ACCENT_COLOR_NAME = AccentColor;
				CODE_SIGN_STYLE = Automatic;
				CURRENT_PROJECT_VERSION = 1;
				DEVELOPMENT_ASSET_PATHS = "\"zz/Preview Content\"";
				ENABLE_PREVIEWS = YES;
				GENERATE_INFOPLIST_FILE = YES;
				INFOPLIST_KEY_UIApplicationSceneManifest_Generation = YES;
				INFOPLIST_KEY_UIApplicationSupportsIndirectInputEvents = YES;
				INFOPLIST_KEY_UILaunchScreen_Generation = YES;
				INFOPLIST_KEY_UISupportedInterfaceOrientations_iPad = "UIInterfaceOrientationPortrait UIInterfaceOrientationPortraitUpsideDown UIInterfaceOrientationLandscapeLeft UIInterfaceOrientationLandscapeRight";
				INFOPLIST_KEY_UISupportedInterfaceOrientations_iPhone = "UIInterfaceOrientationPortrait UIInterfaceOrientationLandscapeLeft UIInterfaceOrientationLandscapeRight";
				LD_RUNPATH_SEARCH_PATHS = (
					"$(inherited)",
					"@executable_path/Frameworks",
				);
				MARKETING_VERSION = 1.0;
				PRODUCT_BUNDLE_IDENTIFIER = fa.zz;
				PRODUCT_NAME = "$(TARGET_NAME)";
				SWIFT_EMIT_LOC_STRINGS = YES;
				SWIFT_VERSION = 5.0;
				TARGETED_DEVICE_FAMILY = "1,2";
			};
			name = Debug;
		};
		5A06B25E2B31D340006D1807 /* Release */ = {
			isa = XCBuildConfiguration;
			buildSettings = {
				ASSETCATALOG_COMPILER_APPICON_NAME = AppIcon;
				ASSETCATALOG_COMPILER_GLOBAL_ACCENT_COLOR_NAME = AccentColor;
				CODE_SIGN_STYLE = Automatic;
				CURRENT_PROJECT_VERSION = 1;
				DEVELOPMENT_ASSET_PATHS = "\"zz/Preview Content\"";
				ENABLE_PREVIEWS = YES;
				GENERATE_INFOPLIST_FILE = YES;
				INFOPLIST_KEY_UIApplicationSceneManifest_Generation = YES;
				INFOPLIST_KEY_UIApplicationSupportsIndirectInputEvents = YES;
				INFOPLIST_KEY_UILaunchScreen_Generation = YES;
				INFOPLIST_KEY_UISupportedInterfaceOrientations_iPad = "UIInterfaceOrientationPortrait UIInterfaceOrientationPortraitUpsideDown UIInterfaceOrientationLandscapeLeft UIInterfaceOrientationLandscapeRight";
				INFOPLIST_KEY_UISupportedInterfaceOrientations_iPhone = "UIInterfaceOrientationPortrait UIInterfaceOrientationLandscapeLeft UIInterfaceOrientationLandscapeRight";
				LD_RUNPATH_SEARCH_PATHS = (
					"$(inherited)",
					"@executable_path/Frameworks",
				);
				MARKETING_VERSION = 1.0;
				PRODUCT_BUNDLE_IDENTIFIER = fa.zz;
				PRODUCT_NAME = "$(TARGET_NAME)";
				SWIFT_EMIT_LOC_STRINGS = YES;
				SWIFT_VERSION = 5.0;
				TARGETED_DEVICE_FAMILY = "1,2";
			};
			name = Release;
		};
		5A06B2602B31D340006D1807 /* Debug */ = {
			isa = XCBuildConfiguration;
			buildSettings = {
				ALWAYS_EMBED_SWIFT_STANDARD_LIBRARIES = YES;
				BUNDLE_LOADER = "$(TEST_HOST)";
				CODE_SIGN_STYLE = Automatic;
				CURRENT_PROJECT_VERSION = 1;
				GENERATE_INFOPLIST_FILE = YES;
				IPHONEOS_DEPLOYMENT_TARGET = 17.0;
				MARKETING_VERSION = 1.0;
				PRODUCT_BUNDLE_IDENTIFIER = fa.zzTests;
				PRODUCT_NAME = "$(TARGET_NAME)";
				SWIFT_EMIT_LOC_STRINGS = NO;
				SWIFT_VERSION = 5.0;
				TARGETED_DEVICE_FAMILY = "1,2";
				TEST_HOST = "$(BUILT_PRODUCTS_DIR)/zz.app/$(BUNDLE_EXECUTABLE_FOLDER_PATH)/zz";
			};
			name = Debug;
		};
		5A06B2612B31D340006D1807 /* Release */ = {
			isa = XCBuildConfiguration;
			buildSettings = {
				ALWAYS_EMBED_SWIFT_STANDARD_LIBRARIES = YES;
				BUNDLE_LOADER = "$(TEST_HOST)";
				CODE_SIGN_STYLE = Automatic;
				CURRENT_PROJECT_VERSION = 1;
				GENERATE_INFOPLIST_FILE = YES;
				IPHONEOS_DEPLOYMENT_TARGET = 17.0;
				MARKETING_VERSION = 1.0;
				PRODUCT_BUNDLE_IDENTIFIER = fa.zzTests;
				PRODUCT_NAME = "$(TARGET_NAME)";
				SWIFT_EMIT_LOC_STRINGS = NO;
				SWIFT_VERSION = 5.0;
				TARGETED_DEVICE_FAMILY = "1,2";
				TEST_HOST = "$(BUILT_PRODUCTS_DIR)/zz.app/$(BUNDLE_EXECUTABLE_FOLDER_PATH)/zz";
			};
			name = Release;
		};
		5A06B2632B31D340006D1807 /* Debug */ = {
			isa = XCBuildConfiguration;
			buildSettings = {
				ALWAYS_EMBED_SWIFT_STANDARD_LIBRARIES = YES;
				CODE_SIGN_STYLE = Automatic;
				CURRENT_PROJECT_VERSION = 1;
				GENERATE_INFOPLIST_FILE = YES;
				MARKETING_VERSION = 1.0;
				PRODUCT_BUNDLE_IDENTIFIER = fa.zzUITests;
				PRODUCT_NAME = "$(TARGET_NAME)";
				SWIFT_EMIT_LOC_STRINGS = NO;
				SWIFT_VERSION = 5.0;
				TARGETED_DEVICE_FAMILY = "1,2";
				TEST_TARGET_NAME = zz;
			};
			name = Debug;
		};
		5A06B2642B31D340006D1807 /* Release */ = {
			isa = XCBuildConfiguration;
			buildSettings = {
				ALWAYS_EMBED_SWIFT_STANDARD_LIBRARIES = YES;
				CODE_SIGN_STYLE = Automatic;
				CURRENT_PROJECT_VERSION = 1;
				GENERATE_INFOPLIST_FILE = YES;
				MARKETING_VERSION = 1.0;
				PRODUCT_BUNDLE_IDENTIFIER = fa.zzUITests;
				PRODUCT_NAME = "$(TARGET_NAME)";
				SWIFT_EMIT_LOC_STRINGS = NO;
				SWIFT_VERSION = 5.0;
				TARGETED_DEVICE_FAMILY = "1,2";
				TEST_TARGET_NAME = zz;
			};
			name = Release;
		};
/* End XCBuildConfiguration section */

/* Begin XCConfigurationList section */
		5A06B2332B31D33F006D1807 /* Build configuration list for PBXProject "zz" */ = {
			isa = XCConfigurationList;
			buildConfigurations = (
				5A06B25A2B31D340006D1807 /* Debug */,
				5A06B25B2B31D340006D1807 /* Release */,
			);
			defaultConfigurationIsVisible = 0;
			defaultConfigurationName = Release;
		};
		5A06B25C2B31D340006D1807 /* Build configuration list for PBXNativeTarget "zz" */ = {
			isa = XCConfigurationList;
			buildConfigurations = (
				5A06B25D2B31D340006D1807 /* Debug */,
				5A06B25E2B31D340006D1807 /* Release */,
			);
			defaultConfigurationIsVisible = 0;
			defaultConfigurationName = Release;
		};
		5A06B25F2B31D340006D1807 /* Build configuration list for PBXNativeTarget "zzTests" */ = {
			isa = XCConfigurationList;
			buildConfigurations = (
				5A06B2602B31D340006D1807 /* Debug */,
				5A06B2612B31D340006D1807 /* Release */,
			);
			defaultConfigurationIsVisible = 0;
			defaultConfigurationName = Release;
		};
		5A06B2622B31D340006D1807 /* Build configuration list for PBXNativeTarget "zzUITests" */ = {
			isa = XCConfigurationList;
			buildConfigurations = (
				5A06B2632B31D340006D1807 /* Debug */,
				5A06B2642B31D340006D1807 /* Release */,
			);
			defaultConfigurationIsVisible = 0;
			defaultConfigurationName = Release;
		};
/* End XCConfigurationList section */
	};
	rootObject = 5A06B2302B31D33F006D1807 /* Project object */;
}
